version: 6
environments:
  default:
    channels:
    - url: https://conda.anaconda.org/conda-forge/
    indexes:
    - https://pypi.org/simple
    packages:
      linux-aarch64:
      - conda: https://conda.anaconda.org/conda-forge/linux-aarch64/_openmp_mutex-4.5-2_gnu.tar.bz2
      - conda: https://conda.anaconda.org/conda-forge/linux-aarch64/bzip2-1.0.8-h68df207_7.conda
      - conda: https://conda.anaconda.org/conda-forge/noarch/ca-certificates-2025.6.15-hbd8a1cb_0.conda
      - conda: https://conda.anaconda.org/conda-forge/linux-aarch64/ld_impl_linux-aarch64-2.43-h5e2c951_5.conda
      - conda: https://conda.anaconda.org/conda-forge/linux-aarch64/libexpat-2.7.0-h5ad3122_0.conda
      - conda: https://conda.anaconda.org/conda-forge/linux-aarch64/libffi-3.4.6-he21f813_1.conda
      - conda: https://conda.anaconda.org/conda-forge/linux-aarch64/libgcc-15.1.0-he277a41_2.conda
      - conda: https://conda.anaconda.org/conda-forge/linux-aarch64/libgcc-ng-15.1.0-he9431aa_2.conda
      - conda: https://conda.anaconda.org/conda-forge/linux-aarch64/libgomp-15.1.0-he277a41_2.conda
      - conda: https://conda.anaconda.org/conda-forge/linux-aarch64/liblzma-5.8.1-h86ecc28_2.conda
      - conda: https://conda.anaconda.org/conda-forge/linux-aarch64/libmpdec-4.0.0-h86ecc28_0.conda
      - conda: https://conda.anaconda.org/conda-forge/linux-aarch64/libsqlite-3.50.1-h5eb1b54_4.conda
      - conda: https://conda.anaconda.org/conda-forge/linux-aarch64/libstdcxx-15.1.0-h3f4de04_2.conda
      - conda: https://conda.anaconda.org/conda-forge/linux-aarch64/libstdcxx-ng-15.1.0-hf1166c9_2.conda
      - conda: https://conda.anaconda.org/conda-forge/linux-aarch64/libunwind-1.6.2-h01db608_0.tar.bz2
      - conda: https://conda.anaconda.org/conda-forge/linux-aarch64/libuuid-2.38.1-hb4cce97_0.conda
      - conda: https://conda.anaconda.org/conda-forge/linux-aarch64/libzlib-1.3.1-h86ecc28_2.conda
      - conda: https://conda.anaconda.org/conda-forge/linux-aarch64/ncurses-6.5-ha32ae93_3.conda
      - conda: https://conda.anaconda.org/conda-forge/linux-aarch64/openssl-3.5.0-hd08dc88_1.conda
      - conda: https://conda.anaconda.org/conda-forge/linux-aarch64/py-spy-0.4.0-hc7e99f1_1.conda
      - conda: https://conda.anaconda.org/conda-forge/linux-aarch64/python-3.13.5-h2382df9_102_cp313.conda
      - conda: https://conda.anaconda.org/conda-forge/noarch/python_abi-3.13-7_cp313.conda
      - conda: https://conda.anaconda.org/conda-forge/linux-aarch64/readline-8.2-h8382b9d_2.conda
      - conda: https://conda.anaconda.org/conda-forge/linux-aarch64/tk-8.6.13-noxft_h5688188_102.conda
      - conda: https://conda.anaconda.org/conda-forge/noarch/tzdata-2025b-h78e105d_0.conda
      - pypi: https://files.pythonhosted.org/packages/0f/15/5bf3b99495fb160b63f95972b81750f18f7f4e02ad051373b669d17d44f2/aiohappyeyeballs-2.6.1-py3-none-any.whl
      - pypi: https://files.pythonhosted.org/packages/26/7f/32ca0f170496aa2ab9b812630fac0c2372c531b797e1deb3deb4cea904bd/aiohttp-3.12.13-cp313-cp313-manylinux_2_17_aarch64.manylinux2014_aarch64.whl
      - pypi: https://files.pythonhosted.org/packages/3b/58/af07dda649c22a1ae954ffb7aaaf4d4a57f1bf00ebdf62307affc0b8552f/aioice-0.10.1-py3-none-any.whl
      - pypi: https://files.pythonhosted.org/packages/87/29/765633cab5f1888890f5f172d1d53009b9b14e079cdfa01a62d9896a9ea9/aiortc-1.13.0-py3-none-any.whl
      - pypi: https://files.pythonhosted.org/packages/ec/6a/bc7e17a3e87a2985d3e8f4da4cd0f481060eb78fb08596c42be62c90a4d9/aiosignal-1.3.2-py2.py3-none-any.whl
      - pypi: https://files.pythonhosted.org/packages/77/06/bb80f5f86020c4551da315d78b3ab75e8228f89f0162f2c3a819e407941a/attrs-25.3.0-py3-none-any.whl
      - pypi: https://files.pythonhosted.org/packages/b5/26/b2b406a676864d06b1c591205782d8527e7c99e5bc51a09862c3576e0087/av-14.4.0-cp313-cp313-manylinux_2_17_aarch64.manylinux2014_aarch64.whl
      - pypi: https://files.pythonhosted.org/packages/75/b2/fbaec7c4455c604e29388d55599b99ebcc250a60050610fadde58932b7ee/cffi-1.17.1-cp313-cp313-manylinux_2_17_aarch64.manylinux2014_aarch64.whl
      - pypi: https://files.pythonhosted.org/packages/6d/5a/7dffcf8cdf0cb3c2430de7404b327e3db64735747d641fc492539978caeb/cryptography-45.0.4-cp311-abi3-manylinux_2_28_aarch64.whl
      - pypi: https://files.pythonhosted.org/packages/68/1b/e0a87d256e40e8c888847551b20a017a6b98139178505dc7ffb96f04e954/dnspython-2.7.0-py3-none-any.whl
      - pypi: https://files.pythonhosted.org/packages/19/7c/71bb0bbe0832793c601fff68cd0cf6143753d0c667f9aec93d3c323f4b55/frozenlist-1.7.0-cp313-cp313-manylinux_2_17_aarch64.manylinux2014_aarch64.whl
      - pypi: https://files.pythonhosted.org/packages/92/83/9228fe65bf70e93e419f38bdf6c5ca5083fc6d32886ee79b450ceefd1dbd/google_crc32c-1.7.1-cp313-cp313-manylinux_2_17_aarch64.manylinux2014_aarch64.whl
      - pypi: https://files.pythonhosted.org/packages/76/c6/c88e154df9c4e1a2a66ccf0005a88dfb2650c1dffb6f5ce603dfbd452ce3/idna-3.10-py3-none-any.whl
      - pypi: https://files.pythonhosted.org/packages/9c/1f/19ebc343cc71a7ffa78f17018535adc5cbdd87afb31d7c34874680148b32/ifaddr-0.2.0-py3-none-any.whl
      - pypi: https://files.pythonhosted.org/packages/8e/30/93c8203f943a417bda3c573a34d5db0cf733afdfffb0ca78545c7716dbd8/multidict-6.5.0-cp313-cp313-manylinux_2_17_aarch64.manylinux2014_aarch64.whl
      - pypi: https://files.pythonhosted.org/packages/5b/ad/3f0f9a705fb630d175146cd7b1d2bf5555c9beaed54e94132b21aac098a6/propcache-0.3.2-cp313-cp313-manylinux_2_17_aarch64.manylinux2014_aarch64.whl
      - pypi: https://files.pythonhosted.org/packages/13/a3/a812df4e2dd5696d1f351d58b8fe16a405b234ad2886a0dab9183fb78109/pycparser-2.22-py3-none-any.whl
      - pypi: https://files.pythonhosted.org/packages/9b/4d/b9add7c84060d4c1906abe9a7e5359f2a60f7a9a4f67268b2766673427d8/pyee-13.0.0-py3-none-any.whl
      - pypi: https://files.pythonhosted.org/packages/7f/a2/2dd0188be58d3cba48c5eb4b3c787e5743c111cd0c9289de4b6f2798382a/pylibsrtp-0.12.0-cp39-abi3-manylinux_2_17_aarch64.manylinux2014_aarch64.whl
      - pypi: https://files.pythonhosted.org/packages/80/28/2659c02301b9500751f8d42f9a6632e1508aa5120de5e43042b8b30f8d5d/pyopenssl-25.1.0-py3-none-any.whl
      - pypi: https://files.pythonhosted.org/packages/69/e0/552843e0d356fbb5256d21449fa957fa4eff3bbc135a74a691ee70c7c5da/typing_extensions-4.14.0-py3-none-any.whl
      - pypi: https://files.pythonhosted.org/packages/a3/25/35afe384e31115a1a801fbcf84012d7a066d89035befae7c5d4284df1e03/yarl-1.20.1-cp313-cp313-manylinux_2_17_aarch64.manylinux2014_aarch64.whl
packages:
- conda: https://conda.anaconda.org/conda-forge/linux-aarch64/_openmp_mutex-4.5-2_gnu.tar.bz2
  build_number: 16
  sha256: 3702bef2f0a4d38bd8288bbe54aace623602a1343c2cfbefd3fa188e015bebf0
  md5: 6168d71addc746e8f2b8d57dfd2edcea
  depends:
  - libgomp >=7.5.0
  constrains:
  - openmp_impl 9999
  license: BSD-3-Clause
  license_family: BSD
  purls: []
  size: 23712
  timestamp: 1650670790230
- pypi: https://files.pythonhosted.org/packages/0f/15/5bf3b99495fb160b63f95972b81750f18f7f4e02ad051373b669d17d44f2/aiohappyeyeballs-2.6.1-py3-none-any.whl
  name: aiohappyeyeballs
  version: 2.6.1
  sha256: f349ba8f4b75cb25c99c5c2d84e997e485204d2902a9597802b0371f09331fb8
  requires_python: '>=3.9'
- pypi: https://files.pythonhosted.org/packages/26/7f/32ca0f170496aa2ab9b812630fac0c2372c531b797e1deb3deb4cea904bd/aiohttp-3.12.13-cp313-cp313-manylinux_2_17_aarch64.manylinux2014_aarch64.whl
  name: aiohttp
  version: 3.12.13
  sha256: ad7c8e5c25f2a26842a7c239de3f7b6bfb92304593ef997c04ac49fb703ff4d7
  requires_dist:
  - aiohappyeyeballs>=2.5.0
  - aiosignal>=1.1.2
  - async-timeout>=4.0,<6.0 ; python_full_version < '3.11'
  - attrs>=17.3.0
  - frozenlist>=1.1.1
  - multidict>=4.5,<7.0
  - propcache>=0.2.0
  - yarl>=1.17.0,<2.0
  - aiodns>=3.3.0 ; extra == 'speedups'
  - brotli ; platform_python_implementation == 'CPython' and extra == 'speedups'
  - brotlicffi ; platform_python_implementation != 'CPython' and extra == 'speedups'
  requires_python: '>=3.9'
- pypi: https://files.pythonhosted.org/packages/3b/58/af07dda649c22a1ae954ffb7aaaf4d4a57f1bf00ebdf62307affc0b8552f/aioice-0.10.1-py3-none-any.whl
  name: aioice
  version: 0.10.1
  sha256: f31ae2abc8608b1283ed5f21aebd7b6bd472b152ff9551e9b559b2d8efed79e9
  requires_dist:
  - dnspython>=2.0.0
  - ifaddr>=0.2.0
  - coverage[toml]>=7.2.2 ; extra == 'dev'
  - mypy ; extra == 'dev'
  - pyopenssl ; extra == 'dev'
  - ruff ; extra == 'dev'
  - websockets ; extra == 'dev'
  requires_python: '>=3.9'
- pypi: https://files.pythonhosted.org/packages/87/29/765633cab5f1888890f5f172d1d53009b9b14e079cdfa01a62d9896a9ea9/aiortc-1.13.0-py3-none-any.whl
  name: aiortc
  version: 1.13.0
  sha256: 9ccccec98796f6a96bd1c3dd437a06da7e0f57521c96bd56e4b965a91b03a0a0
  requires_dist:
  - aioice>=0.10.1,<1.0.0
  - av>=14.0.0,<15.0.0
  - cffi>=1.0.0
  - cryptography>=44.0.0
  - google-crc32c>=1.1
  - pyee>=13.0.0
  - pylibsrtp>=0.10.0
  - pyopenssl>=25.0.0
  - aiohttp>=3.7.0 ; extra == 'dev'
  - coverage[toml]>=7.2.2 ; extra == 'dev'
  - numpy>=1.19.0 ; extra == 'dev'
  requires_python: '>=3.9'
- pypi: https://files.pythonhosted.org/packages/ec/6a/bc7e17a3e87a2985d3e8f4da4cd0f481060eb78fb08596c42be62c90a4d9/aiosignal-1.3.2-py2.py3-none-any.whl
  name: aiosignal
  version: 1.3.2
  sha256: 45cde58e409a301715980c2b01d0c28bdde3770d8290b5eb2173759d9acb31a5
  requires_dist:
  - frozenlist>=1.1.0
  requires_python: '>=3.9'
- pypi: https://files.pythonhosted.org/packages/77/06/bb80f5f86020c4551da315d78b3ab75e8228f89f0162f2c3a819e407941a/attrs-25.3.0-py3-none-any.whl
  name: attrs
  version: 25.3.0
  sha256: 427318ce031701fea540783410126f03899a97ffc6f61596ad581ac2e40e3bc3
  requires_dist:
  - cloudpickle ; platform_python_implementation == 'CPython' and extra == 'benchmark'
  - hypothesis ; extra == 'benchmark'
  - mypy>=1.11.1 ; python_full_version >= '3.10' and platform_python_implementation == 'CPython' and extra == 'benchmark'
  - pympler ; extra == 'benchmark'
  - pytest-codspeed ; extra == 'benchmark'
  - pytest-mypy-plugins ; python_full_version >= '3.10' and platform_python_implementation == 'CPython' and extra == 'benchmark'
  - pytest-xdist[psutil] ; extra == 'benchmark'
  - pytest>=4.3.0 ; extra == 'benchmark'
  - cloudpickle ; platform_python_implementation == 'CPython' and extra == 'cov'
  - coverage[toml]>=5.3 ; extra == 'cov'
  - hypothesis ; extra == 'cov'
  - mypy>=1.11.1 ; python_full_version >= '3.10' and platform_python_implementation == 'CPython' and extra == 'cov'
  - pympler ; extra == 'cov'
  - pytest-mypy-plugins ; python_full_version >= '3.10' and platform_python_implementation == 'CPython' and extra == 'cov'
  - pytest-xdist[psutil] ; extra == 'cov'
  - pytest>=4.3.0 ; extra == 'cov'
  - cloudpickle ; platform_python_implementation == 'CPython' and extra == 'dev'
  - hypothesis ; extra == 'dev'
  - mypy>=1.11.1 ; python_full_version >= '3.10' and platform_python_implementation == 'CPython' and extra == 'dev'
  - pre-commit-uv ; extra == 'dev'
  - pympler ; extra == 'dev'
  - pytest-mypy-plugins ; python_full_version >= '3.10' and platform_python_implementation == 'CPython' and extra == 'dev'
  - pytest-xdist[psutil] ; extra == 'dev'
  - pytest>=4.3.0 ; extra == 'dev'
  - cogapp ; extra == 'docs'
  - furo ; extra == 'docs'
  - myst-parser ; extra == 'docs'
  - sphinx ; extra == 'docs'
  - sphinx-notfound-page ; extra == 'docs'
  - sphinxcontrib-towncrier ; extra == 'docs'
  - towncrier ; extra == 'docs'
  - cloudpickle ; platform_python_implementation == 'CPython' and extra == 'tests'
  - hypothesis ; extra == 'tests'
  - mypy>=1.11.1 ; python_full_version >= '3.10' and platform_python_implementation == 'CPython' and extra == 'tests'
  - pympler ; extra == 'tests'
  - pytest-mypy-plugins ; python_full_version >= '3.10' and platform_python_implementation == 'CPython' and extra == 'tests'
  - pytest-xdist[psutil] ; extra == 'tests'
  - pytest>=4.3.0 ; extra == 'tests'
  - mypy>=1.11.1 ; python_full_version >= '3.10' and platform_python_implementation == 'CPython' and extra == 'tests-mypy'
  - pytest-mypy-plugins ; python_full_version >= '3.10' and platform_python_implementation == 'CPython' and extra == 'tests-mypy'
  requires_python: '>=3.8'
- pypi: https://files.pythonhosted.org/packages/b5/26/b2b406a676864d06b1c591205782d8527e7c99e5bc51a09862c3576e0087/av-14.4.0-cp313-cp313-manylinux_2_17_aarch64.manylinux2014_aarch64.whl
  name: av
  version: 14.4.0
  sha256: 58c1e18c8be73b6eada2d9ec397852ec74ebe51938451bdf83644a807189d6c8
  requires_python: '>=3.9'
- conda: https://conda.anaconda.org/conda-forge/linux-aarch64/bzip2-1.0.8-h68df207_7.conda
  sha256: 2258b0b33e1cb3a9852d47557984abb6e7ea58e3d7f92706ec1f8e879290c4cb
  md5: 56398c28220513b9ea13d7b450acfb20
  depends:
  - libgcc-ng >=12
  license: bzip2-1.0.6
  license_family: BSD
  purls: []
  size: 189884
  timestamp: 1720974504976
- conda: https://conda.anaconda.org/conda-forge/noarch/ca-certificates-2025.6.15-hbd8a1cb_0.conda
  sha256: 7cfec9804c84844ea544d98bda1d9121672b66ff7149141b8415ca42dfcd44f6
  md5: 72525f07d72806e3b639ad4504c30ce5
  depends:
  - __unix
  license: ISC
  purls: []
  size: 151069
  timestamp: 1749990087500
- pypi: https://files.pythonhosted.org/packages/75/b2/fbaec7c4455c604e29388d55599b99ebcc250a60050610fadde58932b7ee/cffi-1.17.1-cp313-cp313-manylinux_2_17_aarch64.manylinux2014_aarch64.whl
  name: cffi
  version: 1.17.1
  sha256: 706510fe141c86a69c8ddc029c7910003a17353970cff3b904ff0686a5927683
  requires_dist:
  - pycparser
  requires_python: '>=3.8'
- pypi: https://files.pythonhosted.org/packages/6d/5a/7dffcf8cdf0cb3c2430de7404b327e3db64735747d641fc492539978caeb/cryptography-45.0.4-cp311-abi3-manylinux_2_28_aarch64.whl
  name: cryptography
  version: 45.0.4
  sha256: f3fe7a5ae34d5a414957cc7f457e2b92076e72938423ac64d215722f6cf49a9e
  requires_dist:
  - cffi>=1.14 ; platform_python_implementation != 'PyPy'
  - bcrypt>=3.1.5 ; extra == 'ssh'
  - nox>=2024.4.15 ; extra == 'nox'
  - nox[uv]>=2024.3.2 ; python_full_version >= '3.8' and extra == 'nox'
  - cryptography-vectors==45.0.4 ; extra == 'test'
  - pytest>=7.4.0 ; extra == 'test'
  - pytest-benchmark>=4.0 ; extra == 'test'
  - pytest-cov>=2.10.1 ; extra == 'test'
  - pytest-xdist>=3.5.0 ; extra == 'test'
  - pretend>=0.7 ; extra == 'test'
  - certifi>=2024 ; extra == 'test'
  - pytest-randomly ; extra == 'test-randomorder'
  - sphinx>=5.3.0 ; extra == 'docs'
  - sphinx-rtd-theme>=3.0.0 ; python_full_version >= '3.8' and extra == 'docs'
  - sphinx-inline-tabs ; python_full_version >= '3.8' and extra == 'docs'
  - pyenchant>=3 ; extra == 'docstest'
  - readme-renderer>=30.0 ; extra == 'docstest'
  - sphinxcontrib-spelling>=7.3.1 ; extra == 'docstest'
  - build>=1.0.0 ; extra == 'sdist'
  - ruff>=0.3.6 ; extra == 'pep8test'
  - mypy>=1.4 ; extra == 'pep8test'
  - check-sdist ; python_full_version >= '3.8' and extra == 'pep8test'
  - click>=8.0.1 ; extra == 'pep8test'
  requires_python: '>=3.7,!=3.9.0,!=3.9.1'
- pypi: https://files.pythonhosted.org/packages/68/1b/e0a87d256e40e8c888847551b20a017a6b98139178505dc7ffb96f04e954/dnspython-2.7.0-py3-none-any.whl
  name: dnspython
  version: 2.7.0
  sha256: b4c34b7d10b51bcc3a5071e7b8dee77939f1e878477eeecc965e9835f63c6c86
  requires_dist:
  - black>=23.1.0 ; extra == 'dev'
  - coverage>=7.0 ; extra == 'dev'
  - flake8>=7 ; extra == 'dev'
  - hypercorn>=0.16.0 ; extra == 'dev'
  - mypy>=1.8 ; extra == 'dev'
  - pylint>=3 ; extra == 'dev'
  - pytest-cov>=4.1.0 ; extra == 'dev'
  - pytest>=7.4 ; extra == 'dev'
  - quart-trio>=0.11.0 ; extra == 'dev'
  - sphinx-rtd-theme>=2.0.0 ; extra == 'dev'
  - sphinx>=7.2.0 ; extra == 'dev'
  - twine>=4.0.0 ; extra == 'dev'
  - wheel>=0.42.0 ; extra == 'dev'
  - cryptography>=43 ; extra == 'dnssec'
  - h2>=4.1.0 ; extra == 'doh'
  - httpcore>=1.0.0 ; extra == 'doh'
  - httpx>=0.26.0 ; extra == 'doh'
  - aioquic>=1.0.0 ; extra == 'doq'
  - idna>=3.7 ; extra == 'idna'
  - trio>=0.23 ; extra == 'trio'
  - wmi>=1.5.1 ; extra == 'wmi'
  requires_python: '>=3.9'
- pypi: https://files.pythonhosted.org/packages/19/7c/71bb0bbe0832793c601fff68cd0cf6143753d0c667f9aec93d3c323f4b55/frozenlist-1.7.0-cp313-cp313-manylinux_2_17_aarch64.manylinux2014_aarch64.whl
  name: frozenlist
  version: 1.7.0
  sha256: dab46c723eeb2c255a64f9dc05b8dd601fde66d6b19cdb82b2e09cc6ff8d8b5d
  requires_python: '>=3.9'
- pypi: https://files.pythonhosted.org/packages/92/83/9228fe65bf70e93e419f38bdf6c5ca5083fc6d32886ee79b450ceefd1dbd/google_crc32c-1.7.1-cp313-cp313-manylinux_2_17_aarch64.manylinux2014_aarch64.whl
  name: google-crc32c
  version: 1.7.1
  sha256: 905a385140bf492ac300026717af339790921f411c0dfd9aa5a9e69a08ed32eb
  requires_dist:
  - importlib-resources>=1.3 ; python_full_version < '3.9' and os_name == 'nt'
  - pytest ; extra == 'testing'
  requires_python: '>=3.9'
- pypi: https://files.pythonhosted.org/packages/76/c6/c88e154df9c4e1a2a66ccf0005a88dfb2650c1dffb6f5ce603dfbd452ce3/idna-3.10-py3-none-any.whl
  name: idna
  version: '3.10'
  sha256: 946d195a0d259cbba61165e88e65941f16e9b36ea6ddb97f00452bae8b1287d3
  requires_dist:
  - ruff>=0.6.2 ; extra == 'all'
  - mypy>=1.11.2 ; extra == 'all'
  - pytest>=8.3.2 ; extra == 'all'
  - flake8>=7.1.1 ; extra == 'all'
  requires_python: '>=3.6'
- pypi: https://files.pythonhosted.org/packages/9c/1f/19ebc343cc71a7ffa78f17018535adc5cbdd87afb31d7c34874680148b32/ifaddr-0.2.0-py3-none-any.whl
  name: ifaddr
  version: 0.2.0
  sha256: 085e0305cfe6f16ab12d72e2024030f5d52674afad6911bb1eee207177b8a748
- conda: https://conda.anaconda.org/conda-forge/linux-aarch64/ld_impl_linux-aarch64-2.43-h5e2c951_5.conda
  sha256: 0cb7f3a3281e86c850ea09e0dbd0c3652eaee367aa089170d7f6bec07ff9fc07
  md5: e62696c21a84af63cfc49f4b5428a36a
  constrains:
  - binutils_impl_linux-aarch64 2.43
  license: GPL-3.0-only
  license_family: GPL
  purls: []
  size: 699857
  timestamp: 1749858448061
- conda: https://conda.anaconda.org/conda-forge/linux-aarch64/libexpat-2.7.0-h5ad3122_0.conda
  sha256: e3a0d95fe787cccf286f5dced9fa9586465d3cd5ec8e04f7ad7f0e72c4afd089
  md5: d41a057e7968705dae8dcb7c8ba2c8dd
  depends:
  - libgcc >=13
  constrains:
  - expat 2.7.0.*
  license: MIT
  license_family: MIT
  purls: []
  size: 73155
  timestamp: 1743432002397
- conda: https://conda.anaconda.org/conda-forge/linux-aarch64/libffi-3.4.6-he21f813_1.conda
  sha256: 608b8c8b0315423e524b48733d91edd43f95cb3354a765322ac306a858c2cd2e
  md5: 15a131f30cae36e9a655ca81fee9a285
  depends:
  - libgcc >=13
  license: MIT
  license_family: MIT
  purls: []
  size: 55847
  timestamp: 1743434586764
- conda: https://conda.anaconda.org/conda-forge/linux-aarch64/libgcc-15.1.0-he277a41_2.conda
  sha256: e5977d63d48507bfa4e86b3052b3d14bae7ea80c3f8b4018868995275b6cc0d8
  md5: 224e999bbcad260d7bd4c0c27fdb99a4
  depends:
  - _openmp_mutex >=4.5
  constrains:
  - libgcc-ng ==15.1.0=*_2
  - libgomp 15.1.0 he277a41_2
  license: GPL-3.0-only WITH GCC-exception-3.1
  license_family: GPL
  purls: []
  size: 516718
  timestamp: 1746656727616
- conda: https://conda.anaconda.org/conda-forge/linux-aarch64/libgcc-ng-15.1.0-he9431aa_2.conda
  sha256: fe22ddd0f7922edb0b515959ff1180d1143060fc5bfc3739ff4c6a94762c50c6
  md5: d12a4b26073751bbc3db18de83ccba5f
  depends:
  - libgcc 15.1.0 he277a41_2
  license: GPL-3.0-only WITH GCC-exception-3.1
  license_family: GPL
  purls: []
  size: 34773
  timestamp: 1746656732548
- conda: https://conda.anaconda.org/conda-forge/linux-aarch64/libgomp-15.1.0-he277a41_2.conda
  sha256: 6362d457591144a4e50247ff60cb2655eb2cf4a7a99dde9e4d7c2d22af20a038
  md5: a28544b28961994eab37e1132a7dadcf
  license: GPL-3.0-only WITH GCC-exception-3.1
  license_family: GPL
  purls: []
  size: 456053
  timestamp: 1746656635944
- conda: https://conda.anaconda.org/conda-forge/linux-aarch64/liblzma-5.8.1-h86ecc28_2.conda
  sha256: 498ea4b29155df69d7f20990a7028d75d91dbea24d04b2eb8a3d6ef328806849
  md5: 7d362346a479256857ab338588190da0
  depends:
  - libgcc >=13
  constrains:
  - xz 5.8.1.*
  license: 0BSD
  purls: []
  size: 125103
  timestamp: 1749232230009
- conda: https://conda.anaconda.org/conda-forge/linux-aarch64/libmpdec-4.0.0-h86ecc28_0.conda
  sha256: ef8697f934c80b347bf9d7ed45650928079e303bad01bd064995b0e3166d6e7a
  md5: 78cfed3f76d6f3f279736789d319af76
  depends:
  - libgcc >=13
  license: BSD-2-Clause
  license_family: BSD
  purls: []
  size: 114064
  timestamp: 1748393729243
- conda: https://conda.anaconda.org/conda-forge/linux-aarch64/libsqlite-3.50.1-h5eb1b54_4.conda
  sha256: 2152c962300fe20d3db16cf7b00b58ce7019af8ddab03f109faea45ac3e478d7
  md5: d269dd5ae6961c8705fbf030d3d9e597
  depends:
  - libgcc >=13
  - libzlib >=1.3.1,<2.0a0
  license: Unlicense
  purls: []
  size: 918392
  timestamp: 1750454078109
- conda: https://conda.anaconda.org/conda-forge/linux-aarch64/libstdcxx-15.1.0-h3f4de04_2.conda
  sha256: 15c57c226ecc981714f96d07232c67c27703e42bbe2460dbf9b6122720d0704a
  md5: 6247ea6d1ecac20a9e98674342984726
  depends:
  - libgcc 15.1.0 he277a41_2
  license: GPL-3.0-only WITH GCC-exception-3.1
  license_family: GPL
  purls: []
  size: 3838578
  timestamp: 1746656751553
- conda: https://conda.anaconda.org/conda-forge/linux-aarch64/libstdcxx-ng-15.1.0-hf1166c9_2.conda
  sha256: f9fa45e88d296ca0a740579c7d74f50aaa3a24bef8cfe7dd359e89cdbd6fe1ea
  md5: 18e532d1a39ae9f78cc8988a034f1cae
  depends:
  - libstdcxx 15.1.0 h3f4de04_2
  license: GPL-3.0-only WITH GCC-exception-3.1
  license_family: GPL
  purls: []
  size: 34860
  timestamp: 1746656784407
- conda: https://conda.anaconda.org/conda-forge/linux-aarch64/libunwind-1.6.2-h01db608_0.tar.bz2
  sha256: 7862d36ffc9f6b2ed3381ce77c78b9e5691d7353a19dd2050630868e192adf6f
  md5: 93b7bbf9099cfe09e67c0abe34bb7885
  depends:
  - libgcc-ng >=9.4.0
  - libstdcxx-ng >=9.4.0
  license: MIT
  license_family: MIT
  purls: []
  size: 90479
  timestamp: 1638452154070
- conda: https://conda.anaconda.org/conda-forge/linux-aarch64/libuuid-2.38.1-hb4cce97_0.conda
  sha256: 616277b0c5f7616c2cdf36f6c316ea3f9aa5bb35f2d4476a349ab58b9b91675f
  md5: 000e30b09db0b7c775b21695dff30969
  depends:
  - libgcc-ng >=12
  license: BSD-3-Clause
  license_family: BSD
  purls: []
  size: 35720
  timestamp: 1680113474501
- conda: https://conda.anaconda.org/conda-forge/linux-aarch64/libzlib-1.3.1-h86ecc28_2.conda
  sha256: 5a2c1eeef69342e88a98d1d95bff1603727ab1ff4ee0e421522acd8813439b84
  md5: 08aad7cbe9f5a6b460d0976076b6ae64
  depends:
  - libgcc >=13
  constrains:
  - zlib 1.3.1 *_2
  license: Zlib
  license_family: Other
  purls: []
  size: 66657
  timestamp: 1727963199518
- pypi: https://files.pythonhosted.org/packages/8e/30/93c8203f943a417bda3c573a34d5db0cf733afdfffb0ca78545c7716dbd8/multidict-6.5.0-cp313-cp313-manylinux_2_17_aarch64.manylinux2014_aarch64.whl
  name: multidict
  version: 6.5.0
  sha256: d1c185fc1069781e3fc8b622c4331fb3b433979850392daa5efbb97f7f9959bb
  requires_dist:
  - typing-extensions>=4.1.0 ; python_full_version < '3.11'
  requires_python: '>=3.9'
- conda: https://conda.anaconda.org/conda-forge/linux-aarch64/ncurses-6.5-ha32ae93_3.conda
  sha256: 91cfb655a68b0353b2833521dc919188db3d8a7f4c64bea2c6a7557b24747468
  md5: 182afabe009dc78d8b73100255ee6868
  depends:
  - libgcc >=13
  license: X11 AND BSD-3-Clause
  purls: []
  size: 926034
  timestamp: 1738196018799
- conda: https://conda.anaconda.org/conda-forge/linux-aarch64/openssl-3.5.0-hd08dc88_1.conda
  sha256: 58120daf06a52ba203f94eccb43900213a9f2b3cc310bbaa868505ccd7afbdaa
  md5: ee68fdc3a8723e9c58bdd2f10544658f
  depends:
  - ca-certificates
  - libgcc >=13
  license: Apache-2.0
  license_family: Apache
  purls: []
  size: 3642633
  timestamp: 1746225726804
- pypi: https://files.pythonhosted.org/packages/5b/ad/3f0f9a705fb630d175146cd7b1d2bf5555c9beaed54e94132b21aac098a6/propcache-0.3.2-cp313-cp313-manylinux_2_17_aarch64.manylinux2014_aarch64.whl
  name: propcache
  version: 0.3.2
  sha256: d1a342c834734edb4be5ecb1e9fb48cb64b1e2320fccbd8c54bf8da8f2a84c33
  requires_python: '>=3.9'
- conda: https://conda.anaconda.org/conda-forge/linux-aarch64/py-spy-0.4.0-hc7e99f1_1.conda
  sha256: 71bb21363f036d3b48492dc99c40f5cd1f83fb493c5d5e84e95ee92dc74f74a0
  md5: 8869ca39691b139b288cb069bcea0a74
  depends:
  - libgcc >=13
  - libunwind >=1.6.2,<1.7.0a0
  constrains:
  - __glibc >=2.17
  license: MIT
  license_family: MIT
  purls: []
  size: 1255796
  timestamp: 1731026970694
- pypi: https://files.pythonhosted.org/packages/13/a3/a812df4e2dd5696d1f351d58b8fe16a405b234ad2886a0dab9183fb78109/pycparser-2.22-py3-none-any.whl
  name: pycparser
  version: '2.22'
  sha256: c3702b6d3dd8c7abc1afa565d7e63d53a1d0bd86cdc24edd75470f4de499cfcc
  requires_python: '>=3.8'
- pypi: https://files.pythonhosted.org/packages/9b/4d/b9add7c84060d4c1906abe9a7e5359f2a60f7a9a4f67268b2766673427d8/pyee-13.0.0-py3-none-any.whl
  name: pyee
  version: 13.0.0
  sha256: 48195a3cddb3b1515ce0695ed76036b5ccc2ef3a9f963ff9f77aec0139845498
  requires_dist:
  - typing-extensions
  - build ; extra == 'dev'
  - flake8 ; extra == 'dev'
  - flake8-black ; extra == 'dev'
  - pytest ; extra == 'dev'
  - pytest-asyncio ; python_full_version >= '3.4' and extra == 'dev'
  - pytest-trio ; python_full_version >= '3.7' and extra == 'dev'
  - black ; extra == 'dev'
  - isort ; extra == 'dev'
  - jupyter-console ; extra == 'dev'
  - mkdocs ; extra == 'dev'
  - mkdocs-include-markdown-plugin ; extra == 'dev'
  - mkdocstrings[python] ; extra == 'dev'
  - mypy ; extra == 'dev'
  - sphinx ; extra == 'dev'
  - toml ; extra == 'dev'
  - tox ; extra == 'dev'
  - trio ; extra == 'dev'
  - trio ; python_full_version >= '3.7' and extra == 'dev'
  - trio-typing ; python_full_version >= '3.7' and extra == 'dev'
  - twine ; extra == 'dev'
  - twisted ; extra == 'dev'
  - validate-pyproject[all] ; extra == 'dev'
  requires_python: '>=3.8'
- pypi: https://files.pythonhosted.org/packages/7f/a2/2dd0188be58d3cba48c5eb4b3c787e5743c111cd0c9289de4b6f2798382a/pylibsrtp-0.12.0-cp39-abi3-manylinux_2_17_aarch64.manylinux2014_aarch64.whl
  name: pylibsrtp
  version: 0.12.0
  sha256: 242fa3d44219846bf1734d5df595563a2c8fbb0fb00ccc79ab0f569fc0af2c1b
  requires_dist:
  - cffi>=1.0.0
  - coverage[toml]>=7.2.2 ; extra == 'dev'
  requires_python: '>=3.9'
- pypi: https://files.pythonhosted.org/packages/80/28/2659c02301b9500751f8d42f9a6632e1508aa5120de5e43042b8b30f8d5d/pyopenssl-25.1.0-py3-none-any.whl
  name: pyopenssl
  version: 25.1.0
  sha256: 2b11f239acc47ac2e5aca04fd7fa829800aeee22a2eb30d744572a157bd8a1ab
  requires_dist:
  - cryptography>=41.0.5,<46
  - typing-extensions>=4.9 ; python_full_version >= '3.8' and python_full_version < '3.13'
  - pytest-rerunfailures ; extra == 'test'
  - pretend ; extra == 'test'
  - pytest>=3.0.1 ; extra == 'test'
  - sphinx!=5.2.0,!=5.2.0.post0,!=7.2.5 ; extra == 'docs'
  - sphinx-rtd-theme ; extra == 'docs'
  requires_python: '>=3.7'
- conda: https://conda.anaconda.org/conda-forge/linux-aarch64/python-3.13.5-h2382df9_102_cp313.conda
  build_number: 102
  sha256: 2eb3ce8b2acf036bd30d4d41cfb45766ad817e26479f18177cfb950c0af6f27b
  md5: ed5b16381ac28233a65c549a59d97b68
  depends:
  - bzip2 >=1.0.8,<2.0a0
  - ld_impl_linux-aarch64 >=2.36.1
  - libexpat >=2.7.0,<3.0a0
  - libffi >=3.4.6,<3.5.0a0
  - libgcc >=13
  - liblzma >=5.8.1,<6.0a0
  - libmpdec >=4.0.0,<5.0a0
  - libsqlite >=3.50.1,<4.0a0
  - libuuid >=2.38.1,<3.0a0
  - libzlib >=1.3.1,<2.0a0
  - ncurses >=6.5,<7.0a0
  - openssl >=3.5.0,<4.0a0
  - python_abi 3.13.* *_cp313
  - readline >=8.2,<9.0a0
  - tk >=8.6.13,<8.7.0a0
  - tzdata
  license: Python-2.0
  purls: []
  size: 33764400
  timestamp: 1750062474929
  python_site_packages_path: lib/python3.13/site-packages
- conda: https://conda.anaconda.org/conda-forge/noarch/python_abi-3.13-7_cp313.conda
  build_number: 7
  sha256: 0595134584589064f56e67d3de1d8fcbb673a972946bce25fb593fb092fdcd97
  md5: e84b44e6300f1703cb25d29120c5b1d8
  constrains:
  - python 3.13.* *_cp313
  license: BSD-3-Clause
  license_family: BSD
  purls: []
  size: 6988
  timestamp: 1745258852285
- conda: https://conda.anaconda.org/conda-forge/linux-aarch64/readline-8.2-h8382b9d_2.conda
  sha256: 54bed3a3041befaa9f5acde4a37b1a02f44705b7796689574bcf9d7beaad2959
  md5: c0f08fc2737967edde1a272d4bf41ed9
  depends:
  - libgcc >=13
  - ncurses >=6.5,<7.0a0
  license: GPL-3.0-only
  license_family: GPL
  purls: []
  size: 291806
  timestamp: 1740380591358
- conda: https://conda.anaconda.org/conda-forge/linux-aarch64/tk-8.6.13-noxft_h5688188_102.conda
  sha256: 46e10488e9254092c655257c18fcec0a9864043bdfbe935a9fbf4fb2028b8514
  md5: 2562c9bfd1de3f9c590f0fe53858d85c
  depends:
  - libgcc >=13
  - libzlib >=1.3.1,<2.0a0
  license: TCL
  license_family: BSD
  purls: []
  size: 3342845
  timestamp: 1748393219221
- pypi: https://files.pythonhosted.org/packages/69/e0/552843e0d356fbb5256d21449fa957fa4eff3bbc135a74a691ee70c7c5da/typing_extensions-4.14.0-py3-none-any.whl
  name: typing-extensions
  version: 4.14.0
  sha256: a1514509136dd0b477638fc68d6a91497af5076466ad0fa6c338e44e359944af
  requires_python: '>=3.9'
- conda: https://conda.anaconda.org/conda-forge/noarch/tzdata-2025b-h78e105d_0.conda
  sha256: 5aaa366385d716557e365f0a4e9c3fca43ba196872abbbe3d56bb610d131e192
  md5: 4222072737ccff51314b5ece9c7d6f5a
  license: LicenseRef-Public-Domain
  purls: []
  size: 122968
  timestamp: 1742727099393
- pypi: https://files.pythonhosted.org/packages/a3/25/35afe384e31115a1a801fbcf84012d7a066d89035befae7c5d4284df1e03/yarl-1.20.1-cp313-cp313-manylinux_2_17_aarch64.manylinux2014_aarch64.whl
  name: yarl
  version: 1.20.1
  sha256: 49bdd1b8e00ce57e68ba51916e4bb04461746e794e7c4d4bbc42ba2f18297691
  requires_dist:
  - idna>=2.0
  - multidict>=4.0
  - propcache>=0.2.1
  requires_python: '>=3.9'
